
Microsoft Visual Studio Solution File, Format Version 12.00
# Visual Studio Version 17
VisualStudioVersion = 17.0.31919.166
MinimumVisualStudioVersion = 10.0.40219.1
Project("{FAE04EC0-301F-11D3-BF4B-00C04F79EFBC}") = "avaliacao-triangulos", "avaliacao-triangulos\avaliacao-triangulos.csproj", "{08C37568-635E-4389-B5EA-CCFD359FB0F1}"
EndProject
Global
	GlobalSection(SolutionConfigurationPlatforms) = preSolution
		Debug|Any CPU = Debug|Any CPU
		Release|Any CPU = Release|Any CPU
	EndGlobalSection
	GlobalSection(ProjectConfigurationPlatforms) = postSolution
		{08C37568-635E-4389-B5EA-CCFD359FB0F1}.Debug|Any CPU.ActiveCfg = Debug|Any CPU
		{08C37568-635E-4389-B5EA-CCFD359FB0F1}.Debug|Any CPU.Build.0 = Debug|Any CPU
		{08C37568-635E-4389-B5EA-CCFD359FB0F1}.Release|Any CPU.ActiveCfg = Release|Any CPU
		{08C37568-635E-4389-B5EA-CCFD359FB0F1}.Release|Any CPU.Build.0 = Release|Any CPU
	EndGlobalSection
	GlobalSection(SolutionProperties) = preSolution
		HideSolutionNode = FALSE
	EndGlobalSection
	GlobalSection(ExtensibilityGlobals) = postSolution
		SolutionGuid = {A6AD8180-CBE3-41E6-9BFB-C2475C2FC401}
	EndGlobalSection
EndGlobal
